
Microsoft Visual Studio Solution File, Format Version 12.00
# Visual Studio 15
VisualStudioVersion = 15.0.27130.2027
MinimumVisualStudioVersion = 10.0.40219.1
Project("{FAE04EC0-301F-11D3-BF4B-00C04F79EFBC}") = "Lab5", "Lab5\Lab5.csproj", "{D0817997-1EDA-4846-AF3D-187F24AF7B90}"
EndProject
Global
	GlobalSection(SolutionConfigurationPlatforms) = preSolution
		Debug|Any CPU = Debug|Any CPU
		Release|Any CPU = Release|Any CPU
	EndGlobalSection
	GlobalSection(ProjectConfigurationPlatforms) = postSolution
		{D0817997-1EDA-4846-AF3D-187F24AF7B90}.Debug|Any CPU.ActiveCfg = Debug|Any CPU
		{D0817997-1EDA-4846-AF3D-187F24AF7B90}.Debug|Any CPU.Build.0 = Debug|Any CPU
		{D0817997-1EDA-4846-AF3D-187F24AF7B90}.Release|Any CPU.ActiveCfg = Release|Any CPU
		{D0817997-1EDA-4846-AF3D-187F24AF7B90}.Release|Any CPU.Build.0 = Release|Any CPU
	EndGlobalSection
	GlobalSection(SolutionProperties) = preSolution
		HideSolutionNode = FALSE
	EndGlobalSection
	GlobalSection(ExtensibilityGlobals) = postSolution
		SolutionGuid = {4EA4379A-1C1E-4ADA-95BE-774105FFA081}
	EndGlobalSection
EndGlobal
